// !$*UTF8*$!
{
	archiveVersion = 1;
	classes = {
	};
	objectVersion = 46;
	objects = {

/* Begin PBXBuildFile section */
		2709C22C1E3FDD9900223B72 /* ff_dmd.cpp in Sources */ = {isa = PBXBuildFile; fileRef = 2709C22A1E3FDD9900223B72 /* ff_dmd.cpp */; };
		2709C22F1E3FE25400223B72 /* atoms_dmd.cpp in Sources */ = {isa = PBXBuildFile; fileRef = 2709C22D1E3FE25400223B72 /* atoms_dmd.cpp */; };
		2709C2321E3FE43900223B72 /* neighbor_dmd.cpp in Sources */ = {isa = PBXBuildFile; fileRef = 2709C2301E3FE43900223B72 /* neighbor_dmd.cpp */; };
		2736293F1E31C873006C9299 /* libmpi_cxx.1.dylib in Frameworks */ = {isa = PBXBuildFile; fileRef = 2736293D1E31C873006C9299 /* libmpi_cxx.1.dylib */; };
		273629401E31C873006C9299 /* libmpi.1.dylib in Frameworks */ = {isa = PBXBuildFile; fileRef = 2736293E1E31C873006C9299 /* libmpi.1.dylib */; };
		273629421E31C8C3006C9299 /* libnpymath.a in Frameworks */ = {isa = PBXBuildFile; fileRef = 273629411E31C8C3006C9299 /* libnpymath.a */; };
		273629441E31C8D1006C9299 /* Python.framework in Frameworks */ = {isa = PBXBuildFile; fileRef = 273629431E31C8D1006C9299 /* Python.framework */; };
		273629531E31CAB4006C9299 /* atoms_md.cpp in Sources */ = {isa = PBXBuildFile; fileRef = 2736294D1E31CAB4006C9299 /* atoms_md.cpp */; };
		273629541E31CAB4006C9299 /* atoms.cpp in Sources */ = {isa = PBXBuildFile; fileRef = 2736294F1E31CAB4006C9299 /* atoms.cpp */; };
		273629551E31CAB4006C9299 /* elements.cpp in Sources */ = {isa = PBXBuildFile; fileRef = 273629511E31CAB4006C9299 /* elements.cpp */; };
		2736295C1E31CAC2006C9299 /* comm.cpp in Sources */ = {isa = PBXBuildFile; fileRef = 273629561E31CAC2006C9299 /* comm.cpp */; };
		2736295D1E31CAC2006C9299 /* dynamic_md.cpp in Sources */ = {isa = PBXBuildFile; fileRef = 273629581E31CAC2006C9299 /* dynamic_md.cpp */; };
		2736295E1E31CAC2006C9299 /* exchange.cpp in Sources */ = {isa = PBXBuildFile; fileRef = 2736295A1E31CAC2006C9299 /* exchange.cpp */; };
		2736296A1E31CAFA006C9299 /* ff_eam.cpp in Sources */ = {isa = PBXBuildFile; fileRef = 2736295F1E31CAFA006C9299 /* ff_eam.cpp */; };
		2736296B1E31CAFA006C9299 /* ff_fs.cpp in Sources */ = {isa = PBXBuildFile; fileRef = 273629611E31CAFA006C9299 /* ff_fs.cpp */; };
		2736296C1E31CAFA006C9299 /* ff_lj.cpp in Sources */ = {isa = PBXBuildFile; fileRef = 273629631E31CAFA006C9299 /* ff_lj.cpp */; };
		2736296D1E31CAFA006C9299 /* ff_md.cpp in Sources */ = {isa = PBXBuildFile; fileRef = 273629651E31CAFA006C9299 /* ff_md.cpp */; };
		2736296E1E31CAFA006C9299 /* ff.cpp in Sources */ = {isa = PBXBuildFile; fileRef = 273629681E31CAFA006C9299 /* ff.cpp */; };
		273629731E31CB13006C9299 /* md_nst.cpp in Sources */ = {isa = PBXBuildFile; fileRef = 2736296F1E31CB13006C9299 /* md_nst.cpp */; };
		273629741E31CB13006C9299 /* md_nvt.cpp in Sources */ = {isa = PBXBuildFile; fileRef = 273629711E31CB13006C9299 /* md_nvt.cpp */; };
		2736297A1E31CB3A006C9299 /* neighbor_md.cpp in Sources */ = {isa = PBXBuildFile; fileRef = 273629761E31CB3A006C9299 /* neighbor_md.cpp */; };
		2736297B1E31CB3A006C9299 /* neighbor.cpp in Sources */ = {isa = PBXBuildFile; fileRef = 273629781E31CB3A006C9299 /* neighbor.cpp */; };
		273629831E31CB61006C9299 /* read_cfg.cpp in Sources */ = {isa = PBXBuildFile; fileRef = 2736297C1E31CB61006C9299 /* read_cfg.cpp */; };
		273629841E31CB61006C9299 /* read_eam.cpp in Sources */ = {isa = PBXBuildFile; fileRef = 2736297E1E31CB61006C9299 /* read_eam.cpp */; };
		273629851E31CB61006C9299 /* read.cpp in Sources */ = {isa = PBXBuildFile; fileRef = 273629811E31CB61006C9299 /* read.cpp */; };
		273629881E31CB70006C9299 /* thermostat.cpp in Sources */ = {isa = PBXBuildFile; fileRef = 273629861E31CB70006C9299 /* thermostat.cpp */; };
		2736298F1E31CB86006C9299 /* logics.cpp in Sources */ = {isa = PBXBuildFile; fileRef = 2736298A1E31CB86006C9299 /* logics.cpp */; };
		273629901E31CB86006C9299 /* var.cpp in Sources */ = {isa = PBXBuildFile; fileRef = 2736298D1E31CB86006C9299 /* var.cpp */; };
		273629A11E31CBAE006C9299 /* main.cpp in Sources */ = {isa = PBXBuildFile; fileRef = 273629931E31CBAE006C9299 /* main.cpp */; };
		273629A21E31CBAE006C9299 /* MAPP.cpp in Sources */ = {isa = PBXBuildFile; fileRef = 273629941E31CBAE006C9299 /* MAPP.cpp */; };
		273629A31E31CBAE006C9299 /* random.cpp in Sources */ = {isa = PBXBuildFile; fileRef = 273629981E31CBAE006C9299 /* random.cpp */; };
		273629A41E31CBAE006C9299 /* thermo_dynamics.cpp in Sources */ = {isa = PBXBuildFile; fileRef = 2736299A1E31CBAE006C9299 /* thermo_dynamics.cpp */; };
		273629A51E31CBAE006C9299 /* timer.cpp in Sources */ = {isa = PBXBuildFile; fileRef = 2736299C1E31CBAE006C9299 /* timer.cpp */; };
		273629A61E31CBAE006C9299 /* xmath.cpp in Sources */ = {isa = PBXBuildFile; fileRef = 2736299F1E31CBAE006C9299 /* xmath.cpp */; };
		276B2A911E31CD6500C4DB07 /* example.cpp in Sources */ = {isa = PBXBuildFile; fileRef = 276B2A8F1E31CD6500C4DB07 /* example.cpp */; };
		278BBF611E3A9F850057610D /* min_cg.cpp in Sources */ = {isa = PBXBuildFile; fileRef = 278BBF5F1E3A9F850057610D /* min_cg.cpp */; };
		278BBF631E3ABF660057610D /* ls.cpp in Sources */ = {isa = PBXBuildFile; fileRef = 278BBF621E3ABF660057610D /* ls.cpp */; };
		27B494921E43705B003FBB6E /* ff_eam_dmd.cpp in Sources */ = {isa = PBXBuildFile; fileRef = 27B494911E43705B003FBB6E /* ff_eam_dmd.cpp */; };
		27CD0C5D1E3B3EE5003D5067 /* md_muvt.cpp in Sources */ = {isa = PBXBuildFile; fileRef = 27CD0C5C1E3B3EE5003D5067 /* md_muvt.cpp */; };
		27CF5D3B1E4AE6F0002898A6 /* min_cg_dmd.cpp in Sources */ = {isa = PBXBuildFile; fileRef = 27CF5D391E4AE6F0002898A6 /* min_cg_dmd.cpp */; };
		27DF52EC1E37C98900820CE9 /* gcmc.cpp in Sources */ = {isa = PBXBuildFile; fileRef = 27DF52E61E37C98900820CE9 /* gcmc.cpp */; };
		27DF52F11E37D1AD00820CE9 /* pgcmc.cpp in Sources */ = {isa = PBXBuildFile; fileRef = 27DF52EF1E37D1AD00820CE9 /* pgcmc.cpp */; };
		27DF52F41E37D49700820CE9 /* sgcmc.cpp in Sources */ = {isa = PBXBuildFile; fileRef = 27DF52F21E37D49700820CE9 /* sgcmc.cpp */; };
		27DF57811E492A2F00DA17E8 /* dynamic_dmd.cpp in Sources */ = {isa = PBXBuildFile; fileRef = 27DF577F1E492A2F00DA17E8 /* dynamic_dmd.cpp */; };
		27E8D4081E3B71510085B1E1 /* min_l-bfgs.cpp in Sources */ = {isa = PBXBuildFile; fileRef = 27E8D4061E3B71510085B1E1 /* min_l-bfgs.cpp */; };
/* End PBXBuildFile section */

/* Begin PBXCopyFilesBuildPhase section */
		2736292F1E31C7B4006C9299 /* CopyFiles */ = {
			isa = PBXCopyFilesBuildPhase;
			buildActionMask = 2147483647;
			dstPath = /usr/share/man/man1/;
			dstSubfolderSpec = 0;
			files = (
			);
			runOnlyForDeploymentPostprocessing = 1;
		};
/* End PBXCopyFilesBuildPhase section */

/* Begin PBXFileReference section */
		2709C22A1E3FDD9900223B72 /* ff_dmd.cpp */ = {isa = PBXFileReference; fileEncoding = 4; lastKnownFileType = sourcecode.cpp.cpp; path = ff_dmd.cpp; sourceTree = "<group>"; };
		2709C22B1E3FDD9900223B72 /* ff_dmd.h */ = {isa = PBXFileReference; fileEncoding = 4; lastKnownFileType = sourcecode.c.h; path = ff_dmd.h; sourceTree = "<group>"; };
		2709C22D1E3FE25400223B72 /* atoms_dmd.cpp */ = {isa = PBXFileReference; fileEncoding = 4; lastKnownFileType = sourcecode.cpp.cpp; path = atoms_dmd.cpp; sourceTree = "<group>"; };
		2709C22E1E3FE25400223B72 /* atoms_dmd.h */ = {isa = PBXFileReference; fileEncoding = 4; lastKnownFileType = sourcecode.c.h; path = atoms_dmd.h; sourceTree = "<group>"; };
		2709C2301E3FE43900223B72 /* neighbor_dmd.cpp */ = {isa = PBXFileReference; fileEncoding = 4; lastKnownFileType = sourcecode.cpp.cpp; path = neighbor_dmd.cpp; sourceTree = "<group>"; };
		2709C2311E3FE43900223B72 /* neighbor_dmd.h */ = {isa = PBXFileReference; fileEncoding = 4; lastKnownFileType = sourcecode.c.h; path = neighbor_dmd.h; sourceTree = "<group>"; };
		2709C2341E3FF25000223B72 /* ff_eam_dmd.h */ = {isa = PBXFileReference; fileEncoding = 4; lastKnownFileType = sourcecode.c.h; path = ff_eam_dmd.h; sourceTree = "<group>"; };
		273629311E31C7B4006C9299 /* MAPP */ = {isa = PBXFileReference; explicitFileType = "compiled.mach-o.executable"; includeInIndex = 0; path = MAPP; sourceTree = BUILT_PRODUCTS_DIR; };
		2736293D1E31C873006C9299 /* libmpi_cxx.1.dylib */ = {isa = PBXFileReference; lastKnownFileType = "compiled.mach-o.dylib"; name = libmpi_cxx.1.dylib; path = ../../../../usr/local/lib/libmpi_cxx.1.dylib; sourceTree = "<group>"; };
		2736293E1E31C873006C9299 /* libmpi.1.dylib */ = {isa = PBXFileReference; lastKnownFileType = "compiled.mach-o.dylib"; name = libmpi.1.dylib; path = ../../../../usr/local/lib/libmpi.1.dylib; sourceTree = "<group>"; };
		273629411E31C8C3006C9299 /* libnpymath.a */ = {isa = PBXFileReference; lastKnownFileType = archive.ar; name = libnpymath.a; path = ../../../../System/Library/Frameworks/Python.framework/Versions/2.7/Extras/lib/python/numpy/core/lib/libnpymath.a; sourceTree = "<group>"; };
		273629431E31C8D1006C9299 /* Python.framework */ = {isa = PBXFileReference; lastKnownFileType = wrapper.framework; name = Python.framework; path = System/Library/Frameworks/Python.framework; sourceTree = SDKROOT; };
		2736294D1E31CAB4006C9299 /* atoms_md.cpp */ = {isa = PBXFileReference; fileEncoding = 4; lastKnownFileType = sourcecode.cpp.cpp; path = atoms_md.cpp; sourceTree = "<group>"; };
		2736294E1E31CAB4006C9299 /* atoms_md.h */ = {isa = PBXFileReference; fileEncoding = 4; lastKnownFileType = sourcecode.c.h; path = atoms_md.h; sourceTree = "<group>"; };
		2736294F1E31CAB4006C9299 /* atoms.cpp */ = {isa = PBXFileReference; fileEncoding = 4; lastKnownFileType = sourcecode.cpp.cpp; path = atoms.cpp; sourceTree = "<group>"; };
		273629501E31CAB4006C9299 /* atoms.h */ = {isa = PBXFileReference; fileEncoding = 4; lastKnownFileType = sourcecode.c.h; path = atoms.h; sourceTree = "<group>"; };
		273629511E31CAB4006C9299 /* elements.cpp */ = {isa = PBXFileReference; fileEncoding = 4; lastKnownFileType = sourcecode.cpp.cpp; path = elements.cpp; sourceTree = "<group>"; };
		273629521E31CAB4006C9299 /* elements.h */ = {isa = PBXFileReference; fileEncoding = 4; lastKnownFileType = sourcecode.c.h; path = elements.h; sourceTree = "<group>"; };
		273629561E31CAC2006C9299 /* comm.cpp */ = {isa = PBXFileReference; fileEncoding = 4; lastKnownFileType = sourcecode.cpp.cpp; path = comm.cpp; sourceTree = "<group>"; };
		273629571E31CAC2006C9299 /* comm.h */ = {isa = PBXFileReference; fileEncoding = 4; lastKnownFileType = sourcecode.c.h; path = comm.h; sourceTree = "<group>"; };
		273629581E31CAC2006C9299 /* dynamic_md.cpp */ = {isa = PBXFileReference; fileEncoding = 4; lastKnownFileType = sourcecode.cpp.cpp; path = dynamic_md.cpp; sourceTree = "<group>"; };
		273629591E31CAC2006C9299 /* dynamic_md.h */ = {isa = PBXFileReference; fileEncoding = 4; lastKnownFileType = sourcecode.c.h; path = dynamic_md.h; sourceTree = "<group>"; };
		2736295A1E31CAC2006C9299 /* exchange.cpp */ = {isa = PBXFileReference; fileEncoding = 4; lastKnownFileType = sourcecode.cpp.cpp; path = exchange.cpp; sourceTree = "<group>"; };
		2736295B1E31CAC2006C9299 /* exchange.h */ = {isa = PBXFileReference; fileEncoding = 4; lastKnownFileType = sourcecode.c.h; path = exchange.h; sourceTree = "<group>"; };
		2736295F1E31CAFA006C9299 /* ff_eam.cpp */ = {isa = PBXFileReference; fileEncoding = 4; lastKnownFileType = sourcecode.cpp.cpp; path = ff_eam.cpp; sourceTree = "<group>"; };
		273629601E31CAFA006C9299 /* ff_eam.h */ = {isa = PBXFileReference; fileEncoding = 4; lastKnownFileType = sourcecode.c.h; path = ff_eam.h; sourceTree = "<group>"; };
		273629611E31CAFA006C9299 /* ff_fs.cpp */ = {isa = PBXFileReference; fileEncoding = 4; lastKnownFileType = sourcecode.cpp.cpp; path = ff_fs.cpp; sourceTree = "<group>"; };
		273629621E31CAFA006C9299 /* ff_fs.h */ = {isa = PBXFileReference; fileEncoding = 4; lastKnownFileType = sourcecode.c.h; path = ff_fs.h; sourceTree = "<group>"; };
		273629631E31CAFA006C9299 /* ff_lj.cpp */ = {isa = PBXFileReference; fileEncoding = 4; lastKnownFileType = sourcecode.cpp.cpp; path = ff_lj.cpp; sourceTree = "<group>"; };
		273629641E31CAFA006C9299 /* ff_lj.h */ = {isa = PBXFileReference; fileEncoding = 4; lastKnownFileType = sourcecode.c.h; path = ff_lj.h; sourceTree = "<group>"; };
		273629651E31CAFA006C9299 /* ff_md.cpp */ = {isa = PBXFileReference; fileEncoding = 4; lastKnownFileType = sourcecode.cpp.cpp; path = ff_md.cpp; sourceTree = "<group>"; };
		273629661E31CAFA006C9299 /* ff_md.h */ = {isa = PBXFileReference; fileEncoding = 4; lastKnownFileType = sourcecode.c.h; path = ff_md.h; sourceTree = "<group>"; };
		273629671E31CAFA006C9299 /* ff_styles.h */ = {isa = PBXFileReference; fileEncoding = 4; lastKnownFileType = sourcecode.c.h; path = ff_styles.h; sourceTree = "<group>"; };
		273629681E31CAFA006C9299 /* ff.cpp */ = {isa = PBXFileReference; fileEncoding = 4; lastKnownFileType = sourcecode.cpp.cpp; path = ff.cpp; sourceTree = "<group>"; };
		273629691E31CAFA006C9299 /* ff.h */ = {isa = PBXFileReference; fileEncoding = 4; lastKnownFileType = sourcecode.c.h; path = ff.h; sourceTree = "<group>"; };
		2736296F1E31CB13006C9299 /* md_nst.cpp */ = {isa = PBXFileReference; fileEncoding = 4; lastKnownFileType = sourcecode.cpp.cpp; path = md_nst.cpp; sourceTree = "<group>"; };
		273629701E31CB13006C9299 /* md_nst.h */ = {isa = PBXFileReference; fileEncoding = 4; lastKnownFileType = sourcecode.c.h; path = md_nst.h; sourceTree = "<group>"; };
		273629711E31CB13006C9299 /* md_nvt.cpp */ = {isa = PBXFileReference; fileEncoding = 4; lastKnownFileType = sourcecode.cpp.cpp; path = md_nvt.cpp; sourceTree = "<group>"; };
		273629721E31CB13006C9299 /* md_nvt.h */ = {isa = PBXFileReference; fileEncoding = 4; lastKnownFileType = sourcecode.c.h; path = md_nvt.h; sourceTree = "<group>"; };
		273629761E31CB3A006C9299 /* neighbor_md.cpp */ = {isa = PBXFileReference; fileEncoding = 4; lastKnownFileType = sourcecode.cpp.cpp; path = neighbor_md.cpp; sourceTree = "<group>"; };
		273629771E31CB3A006C9299 /* neighbor_md.h */ = {isa = PBXFileReference; fileEncoding = 4; lastKnownFileType = sourcecode.c.h; path = neighbor_md.h; sourceTree = "<group>"; };
		273629781E31CB3A006C9299 /* neighbor.cpp */ = {isa = PBXFileReference; fileEncoding = 4; lastKnownFileType = sourcecode.cpp.cpp; path = neighbor.cpp; sourceTree = "<group>"; };
		273629791E31CB3A006C9299 /* neighbor.h */ = {isa = PBXFileReference; fileEncoding = 4; lastKnownFileType = sourcecode.c.h; path = neighbor.h; sourceTree = "<group>"; };
		2736297C1E31CB61006C9299 /* read_cfg.cpp */ = {isa = PBXFileReference; fileEncoding = 4; lastKnownFileType = sourcecode.cpp.cpp; path = read_cfg.cpp; sourceTree = "<group>"; };
		2736297D1E31CB61006C9299 /* read_cfg.h */ = {isa = PBXFileReference; fileEncoding = 4; lastKnownFileType = sourcecode.c.h; path = read_cfg.h; sourceTree = "<group>"; };
		2736297E1E31CB61006C9299 /* read_eam.cpp */ = {isa = PBXFileReference; fileEncoding = 4; lastKnownFileType = sourcecode.cpp.cpp; path = read_eam.cpp; sourceTree = "<group>"; };
		2736297F1E31CB61006C9299 /* read_eam.h */ = {isa = PBXFileReference; fileEncoding = 4; lastKnownFileType = sourcecode.c.h; path = read_eam.h; sourceTree = "<group>"; };
		273629801E31CB61006C9299 /* read_styles.h */ = {isa = PBXFileReference; fileEncoding = 4; lastKnownFileType = sourcecode.c.h; path = read_styles.h; sourceTree = "<group>"; };
		273629811E31CB61006C9299 /* read.cpp */ = {isa = PBXFileReference; fileEncoding = 4; lastKnownFileType = sourcecode.cpp.cpp; path = read.cpp; sourceTree = "<group>"; };
		273629821E31CB61006C9299 /* read.h */ = {isa = PBXFileReference; fileEncoding = 4; lastKnownFileType = sourcecode.c.h; path = read.h; sourceTree = "<group>"; };
		273629861E31CB70006C9299 /* thermostat.cpp */ = {isa = PBXFileReference; fileEncoding = 4; lastKnownFileType = sourcecode.cpp.cpp; path = thermostat.cpp; sourceTree = "<group>"; };
		273629871E31CB70006C9299 /* thermostat.h */ = {isa = PBXFileReference; fileEncoding = 4; lastKnownFileType = sourcecode.c.h; path = thermostat.h; sourceTree = "<group>"; };
		273629891E31CB86006C9299 /* api.h */ = {isa = PBXFileReference; fileEncoding = 4; lastKnownFileType = sourcecode.c.h; path = api.h; sourceTree = "<group>"; };
		2736298A1E31CB86006C9299 /* logics.cpp */ = {isa = PBXFileReference; fileEncoding = 4; lastKnownFileType = sourcecode.cpp.cpp; path = logics.cpp; sourceTree = "<group>"; };
		2736298B1E31CB86006C9299 /* logics.h */ = {isa = PBXFileReference; fileEncoding = 4; lastKnownFileType = sourcecode.c.h; path = logics.h; sourceTree = "<group>"; };
		2736298C1E31CB86006C9299 /* var_op.h */ = {isa = PBXFileReference; fileEncoding = 4; lastKnownFileType = sourcecode.c.h; path = var_op.h; sourceTree = "<group>"; };
		2736298D1E31CB86006C9299 /* var.cpp */ = {isa = PBXFileReference; fileEncoding = 4; lastKnownFileType = sourcecode.cpp.cpp; path = var.cpp; sourceTree = "<group>"; };
		2736298E1E31CB86006C9299 /* var.h */ = {isa = PBXFileReference; fileEncoding = 4; lastKnownFileType = sourcecode.c.h; path = var.h; sourceTree = "<group>"; };
		273629911E31CBAE006C9299 /* global.h */ = {isa = PBXFileReference; fileEncoding = 4; lastKnownFileType = sourcecode.c.h; path = global.h; sourceTree = "<group>"; };
		273629921E31CBAE006C9299 /* macros.h */ = {isa = PBXFileReference; fileEncoding = 4; lastKnownFileType = sourcecode.c.h; path = macros.h; sourceTree = "<group>"; };
		273629931E31CBAE006C9299 /* main.cpp */ = {isa = PBXFileReference; fileEncoding = 4; lastKnownFileType = sourcecode.cpp.cpp; path = main.cpp; sourceTree = "<group>"; };
		273629941E31CBAE006C9299 /* MAPP.cpp */ = {isa = PBXFileReference; fileEncoding = 4; lastKnownFileType = sourcecode.cpp.cpp; path = MAPP.cpp; sourceTree = "<group>"; };
		273629951E31CBAE006C9299 /* MAPP.h */ = {isa = PBXFileReference; fileEncoding = 4; lastKnownFileType = sourcecode.c.h; path = MAPP.h; sourceTree = "<group>"; };
		273629961E31CBAE006C9299 /* memory.h */ = {isa = PBXFileReference; fileEncoding = 4; lastKnownFileType = sourcecode.c.h; path = memory.h; sourceTree = "<group>"; };
		273629971E31CBAE006C9299 /* print.h */ = {isa = PBXFileReference; fileEncoding = 4; lastKnownFileType = sourcecode.c.h; path = print.h; sourceTree = "<group>"; };
		273629981E31CBAE006C9299 /* random.cpp */ = {isa = PBXFileReference; fileEncoding = 4; lastKnownFileType = sourcecode.cpp.cpp; path = random.cpp; sourceTree = "<group>"; };
		273629991E31CBAE006C9299 /* random.h */ = {isa = PBXFileReference; fileEncoding = 4; lastKnownFileType = sourcecode.c.h; path = random.h; sourceTree = "<group>"; };
		2736299A1E31CBAE006C9299 /* thermo_dynamics.cpp */ = {isa = PBXFileReference; fileEncoding = 4; lastKnownFileType = sourcecode.cpp.cpp; path = thermo_dynamics.cpp; sourceTree = "<group>"; };
		2736299B1E31CBAE006C9299 /* thermo_dynamics.h */ = {isa = PBXFileReference; fileEncoding = 4; lastKnownFileType = sourcecode.c.h; path = thermo_dynamics.h; sourceTree = "<group>"; };
		2736299C1E31CBAE006C9299 /* timer.cpp */ = {isa = PBXFileReference; fileEncoding = 4; lastKnownFileType = sourcecode.cpp.cpp; path = timer.cpp; sourceTree = "<group>"; };
		2736299D1E31CBAE006C9299 /* timer.h */ = {isa = PBXFileReference; fileEncoding = 4; lastKnownFileType = sourcecode.c.h; path = timer.h; sourceTree = "<group>"; };
		2736299F1E31CBAE006C9299 /* xmath.cpp */ = {isa = PBXFileReference; fileEncoding = 4; lastKnownFileType = sourcecode.cpp.cpp; path = xmath.cpp; sourceTree = "<group>"; };
		273629A01E31CBAE006C9299 /* xmath.h */ = {isa = PBXFileReference; fileEncoding = 4; lastKnownFileType = sourcecode.c.h; path = xmath.h; sourceTree = "<group>"; };
		276B2A8F1E31CD6500C4DB07 /* example.cpp */ = {isa = PBXFileReference; fileEncoding = 4; lastKnownFileType = sourcecode.cpp.cpp; path = example.cpp; sourceTree = "<group>"; };
		276B2A901E31CD6500C4DB07 /* example.h */ = {isa = PBXFileReference; fileEncoding = 4; lastKnownFileType = sourcecode.c.h; path = example.h; sourceTree = "<group>"; };
		276B2A921E31CDF200C4DB07 /* input.py */ = {isa = PBXFileReference; fileEncoding = 4; lastKnownFileType = text.script.python; name = input.py; path = DerivedData/Build/Products/Debug/input.py; sourceTree = "<group>"; };
		278BBF5F1E3A9F850057610D /* min_cg.cpp */ = {isa = PBXFileReference; fileEncoding = 4; lastKnownFileType = sourcecode.cpp.cpp; path = min_cg.cpp; sourceTree = "<group>"; };
		278BBF601E3A9F850057610D /* min_cg.h */ = {isa = PBXFileReference; fileEncoding = 4; lastKnownFileType = sourcecode.c.h; path = min_cg.h; sourceTree = "<group>"; };
		278BBF621E3ABF660057610D /* ls.cpp */ = {isa = PBXFileReference; fileEncoding = 4; lastKnownFileType = sourcecode.cpp.cpp; path = ls.cpp; sourceTree = "<group>"; };
		278D0AC51E3813E0009E5B55 /* md_styles.h */ = {isa = PBXFileReference; lastKnownFileType = sourcecode.c.h; path = md_styles.h; sourceTree = "<group>"; };
		278D0ACB1E3821AB009E5B55 /* min_styles.h */ = {isa = PBXFileReference; fileEncoding = 4; lastKnownFileType = sourcecode.c.h; path = min_styles.h; sourceTree = "<group>"; };
		278D0AD61E3821D7009E5B55 /* ls.h */ = {isa = PBXFileReference; fileEncoding = 4; lastKnownFileType = sourcecode.c.h; path = ls.h; sourceTree = "<group>"; };
		278D0AD71E3821F3009E5B55 /* min_vec.h */ = {isa = PBXFileReference; fileEncoding = 4; lastKnownFileType = sourcecode.c.h; path = min_vec.h; sourceTree = "<group>"; };
		278D2D681E41294F000FA552 /* atoms_styles.h */ = {isa = PBXFileReference; lastKnownFileType = sourcecode.c.h; path = atoms_styles.h; sourceTree = "<group>"; };
		27B494911E43705B003FBB6E /* ff_eam_dmd.cpp */ = {isa = PBXFileReference; fileEncoding = 4; lastKnownFileType = sourcecode.cpp.cpp; path = ff_eam_dmd.cpp; sourceTree = "<group>"; };
		27CD0C5C1E3B3EE5003D5067 /* md_muvt.cpp */ = {isa = PBXFileReference; fileEncoding = 4; lastKnownFileType = sourcecode.cpp.cpp; path = md_muvt.cpp; sourceTree = "<group>"; };
		27CF5D391E4AE6F0002898A6 /* min_cg_dmd.cpp */ = {isa = PBXFileReference; fileEncoding = 4; lastKnownFileType = sourcecode.cpp.cpp; path = min_cg_dmd.cpp; sourceTree = "<group>"; };
		27CF5D3A1E4AE6F0002898A6 /* min_cg_dmd.h */ = {isa = PBXFileReference; fileEncoding = 4; lastKnownFileType = sourcecode.c.h; path = min_cg_dmd.h; sourceTree = "<group>"; };
		27DF52E31E37C68800820CE9 /* md_muvt.h */ = {isa = PBXFileReference; fileEncoding = 4; lastKnownFileType = sourcecode.c.h; path = md_muvt.h; sourceTree = "<group>"; };
		27DF52E61E37C98900820CE9 /* gcmc.cpp */ = {isa = PBXFileReference; fileEncoding = 4; lastKnownFileType = sourcecode.cpp.cpp; path = gcmc.cpp; sourceTree = "<group>"; };
		27DF52E71E37C98900820CE9 /* gcmc.h */ = {isa = PBXFileReference; fileEncoding = 4; lastKnownFileType = sourcecode.c.h; path = gcmc.h; sourceTree = "<group>"; };
		27DF52EF1E37D1AD00820CE9 /* pgcmc.cpp */ = {isa = PBXFileReference; fileEncoding = 4; lastKnownFileType = sourcecode.cpp.cpp; path = pgcmc.cpp; sourceTree = "<group>"; };
		27DF52F01E37D1AD00820CE9 /* pgcmc.h */ = {isa = PBXFileReference; fileEncoding = 4; lastKnownFileType = sourcecode.c.h; path = pgcmc.h; sourceTree = "<group>"; };
		27DF52F21E37D49700820CE9 /* sgcmc.cpp */ = {isa = PBXFileReference; fileEncoding = 4; lastKnownFileType = sourcecode.cpp.cpp; path = sgcmc.cpp; sourceTree = "<group>"; };
		27DF52F31E37D49700820CE9 /* sgcmc.h */ = {isa = PBXFileReference; fileEncoding = 4; lastKnownFileType = sourcecode.c.h; path = sgcmc.h; sourceTree = "<group>"; };
		27DF577F1E492A2F00DA17E8 /* dynamic_dmd.cpp */ = {isa = PBXFileReference; fileEncoding = 4; lastKnownFileType = sourcecode.cpp.cpp; path = dynamic_dmd.cpp; sourceTree = "<group>"; };
		27DF57801E492A2F00DA17E8 /* dynamic_dmd.h */ = {isa = PBXFileReference; fileEncoding = 4; lastKnownFileType = sourcecode.c.h; path = dynamic_dmd.h; sourceTree = "<group>"; };
		27E8D4061E3B71510085B1E1 /* min_l-bfgs.cpp */ = {isa = PBXFileReference; fileEncoding = 4; lastKnownFileType = sourcecode.cpp.cpp; path = "min_l-bfgs.cpp"; sourceTree = "<group>"; };
		27E8D4071E3B71510085B1E1 /* min_l-bfgs.h */ = {isa = PBXFileReference; fileEncoding = 4; lastKnownFileType = sourcecode.c.h; path = "min_l-bfgs.h"; sourceTree = "<group>"; };
/* End PBXFileReference section */

/* Begin PBXFrameworksBuildPhase section */
		2736292E1E31C7B4006C9299 /* Frameworks */ = {
			isa = PBXFrameworksBuildPhase;
			buildActionMask = 2147483647;
			files = (
				273629441E31C8D1006C9299 /* Python.framework in Frameworks */,
				273629421E31C8C3006C9299 /* libnpymath.a in Frameworks */,
				2736293F1E31C873006C9299 /* libmpi_cxx.1.dylib in Frameworks */,
				273629401E31C873006C9299 /* libmpi.1.dylib in Frameworks */,
			);
			runOnlyForDeploymentPostprocessing = 0;
		};
/* End PBXFrameworksBuildPhase section */

/* Begin PBXGroup section */
		273629281E31C7B4006C9299 = {
			isa = PBXGroup;
			children = (
				2736294C1E31CA91006C9299 /* input */,
				2736293B1E31C7EC006C9299 /* src */,
				273629321E31C7B4006C9299 /* Products */,
				2736293C1E31C872006C9299 /* Frameworks */,
			);
			sourceTree = "<group>";
		};
		273629321E31C7B4006C9299 /* Products */ = {
			isa = PBXGroup;
			children = (
				273629311E31C7B4006C9299 /* MAPP */,
			);
			name = Products;
			sourceTree = "<group>";
		};
		2736293B1E31C7EC006C9299 /* src */ = {
			isa = PBXGroup;
			children = (
				273629451E31C9FE006C9299 /* atoms */,
				273629461E31CA05006C9299 /* comm */,
				273629471E31CA19006C9299 /* ff */,
				273629481E31CA26006C9299 /* global */,
				273629491E31CA2F006C9299 /* md */,
				278D0AC61E382101009E5B55 /* min */,
				2736294A1E31CA37006C9299 /* python */,
				2736294B1E31CA40006C9299 /* read */,
			);
			path = src;
			sourceTree = SOURCE_ROOT;
		};
		2736293C1E31C872006C9299 /* Frameworks */ = {
			isa = PBXGroup;
			children = (
				273629431E31C8D1006C9299 /* Python.framework */,
				273629411E31C8C3006C9299 /* libnpymath.a */,
				2736293D1E31C873006C9299 /* libmpi_cxx.1.dylib */,
				2736293E1E31C873006C9299 /* libmpi.1.dylib */,
			);
			name = Frameworks;
			sourceTree = "<group>";
		};
		273629451E31C9FE006C9299 /* atoms */ = {
			isa = PBXGroup;
			children = (
				2736294D1E31CAB4006C9299 /* atoms_md.cpp */,
				2736294E1E31CAB4006C9299 /* atoms_md.h */,
				2709C22D1E3FE25400223B72 /* atoms_dmd.cpp */,
				2709C22E1E3FE25400223B72 /* atoms_dmd.h */,
				2736294F1E31CAB4006C9299 /* atoms.cpp */,
				273629501E31CAB4006C9299 /* atoms.h */,
				273629511E31CAB4006C9299 /* elements.cpp */,
				273629521E31CAB4006C9299 /* elements.h */,
				278D2D681E41294F000FA552 /* atoms_styles.h */,
			);
			name = atoms;
			sourceTree = "<group>";
		};
		273629461E31CA05006C9299 /* comm */ = {
			isa = PBXGroup;
			children = (
				27DF577F1E492A2F00DA17E8 /* dynamic_dmd.cpp */,
				27DF57801E492A2F00DA17E8 /* dynamic_dmd.h */,
				273629561E31CAC2006C9299 /* comm.cpp */,
				273629571E31CAC2006C9299 /* comm.h */,
				273629581E31CAC2006C9299 /* dynamic_md.cpp */,
				273629591E31CAC2006C9299 /* dynamic_md.h */,
				2736295A1E31CAC2006C9299 /* exchange.cpp */,
				2736295B1E31CAC2006C9299 /* exchange.h */,
			);
			name = comm;
			sourceTree = "<group>";
		};
		273629471E31CA19006C9299 /* ff */ = {
			isa = PBXGroup;
			children = (
				27B494911E43705B003FBB6E /* ff_eam_dmd.cpp */,
				2709C2341E3FF25000223B72 /* ff_eam_dmd.h */,
				2736295F1E31CAFA006C9299 /* ff_eam.cpp */,
				273629601E31CAFA006C9299 /* ff_eam.h */,
				273629611E31CAFA006C9299 /* ff_fs.cpp */,
				273629621E31CAFA006C9299 /* ff_fs.h */,
				273629631E31CAFA006C9299 /* ff_lj.cpp */,
				273629641E31CAFA006C9299 /* ff_lj.h */,
				273629651E31CAFA006C9299 /* ff_md.cpp */,
				273629661E31CAFA006C9299 /* ff_md.h */,
				2709C22A1E3FDD9900223B72 /* ff_dmd.cpp */,
				2709C22B1E3FDD9900223B72 /* ff_dmd.h */,
				273629671E31CAFA006C9299 /* ff_styles.h */,
				273629681E31CAFA006C9299 /* ff.cpp */,
				273629691E31CAFA006C9299 /* ff.h */,
				273629751E31CB1E006C9299 /* neighbor */,
			);
			name = ff;
			sourceTree = "<group>";
		};
		273629481E31CA26006C9299 /* global */ = {
			isa = PBXGroup;
			children = (
				273629911E31CBAE006C9299 /* global.h */,
				273629921E31CBAE006C9299 /* macros.h */,
				273629931E31CBAE006C9299 /* main.cpp */,
				273629941E31CBAE006C9299 /* MAPP.cpp */,
				273629951E31CBAE006C9299 /* MAPP.h */,
				273629961E31CBAE006C9299 /* memory.h */,
				273629971E31CBAE006C9299 /* print.h */,
				273629981E31CBAE006C9299 /* random.cpp */,
				273629991E31CBAE006C9299 /* random.h */,
				2736299A1E31CBAE006C9299 /* thermo_dynamics.cpp */,
				2736299B1E31CBAE006C9299 /* thermo_dynamics.h */,
				2736299C1E31CBAE006C9299 /* timer.cpp */,
				2736299D1E31CBAE006C9299 /* timer.h */,
				2736299F1E31CBAE006C9299 /* xmath.cpp */,
				273629A01E31CBAE006C9299 /* xmath.h */,
			);
			name = global;
			sourceTree = "<group>";
		};
		273629491E31CA2F006C9299 /* md */ = {
			isa = PBXGroup;
			children = (
				278D0AC51E3813E0009E5B55 /* md_styles.h */,
				273629861E31CB70006C9299 /* thermostat.cpp */,
				273629871E31CB70006C9299 /* thermostat.h */,
				2736296F1E31CB13006C9299 /* md_nst.cpp */,
				273629701E31CB13006C9299 /* md_nst.h */,
				273629711E31CB13006C9299 /* md_nvt.cpp */,
				273629721E31CB13006C9299 /* md_nvt.h */,
				27CD0C5C1E3B3EE5003D5067 /* md_muvt.cpp */,
				27DF52E31E37C68800820CE9 /* md_muvt.h */,
				27DF52E51E37C97300820CE9 /* gcmc */,
			);
			name = md;
			sourceTree = "<group>";
		};
		2736294A1E31CA37006C9299 /* python */ = {
			isa = PBXGroup;
			children = (
				273629891E31CB86006C9299 /* api.h */,
				276B2A8F1E31CD6500C4DB07 /* example.cpp */,
				276B2A901E31CD6500C4DB07 /* example.h */,
				2736298A1E31CB86006C9299 /* logics.cpp */,
				2736298B1E31CB86006C9299 /* logics.h */,
				2736298C1E31CB86006C9299 /* var_op.h */,
				2736298D1E31CB86006C9299 /* var.cpp */,
				2736298E1E31CB86006C9299 /* var.h */,
			);
			name = python;
			sourceTree = "<group>";
		};
		2736294B1E31CA40006C9299 /* read */ = {
			isa = PBXGroup;
			children = (
				2736297C1E31CB61006C9299 /* read_cfg.cpp */,
				2736297D1E31CB61006C9299 /* read_cfg.h */,
				2736297E1E31CB61006C9299 /* read_eam.cpp */,
				2736297F1E31CB61006C9299 /* read_eam.h */,
				273629801E31CB61006C9299 /* read_styles.h */,
				273629811E31CB61006C9299 /* read.cpp */,
				273629821E31CB61006C9299 /* read.h */,
			);
			name = read;
			sourceTree = "<group>";
		};
		2736294C1E31CA91006C9299 /* input */ = {
			isa = PBXGroup;
			children = (
				276B2A921E31CDF200C4DB07 /* input.py */,
			);
			name = input;
			sourceTree = "<group>";
		};
		273629751E31CB1E006C9299 /* neighbor */ = {
			isa = PBXGroup;
			children = (
				2709C2301E3FE43900223B72 /* neighbor_dmd.cpp */,
				2709C2311E3FE43900223B72 /* neighbor_dmd.h */,
				273629761E31CB3A006C9299 /* neighbor_md.cpp */,
				273629771E31CB3A006C9299 /* neighbor_md.h */,
				273629781E31CB3A006C9299 /* neighbor.cpp */,
				273629791E31CB3A006C9299 /* neighbor.h */,
			);
			name = neighbor;
			sourceTree = "<group>";
		};
		278D0AC61E382101009E5B55 /* min */ = {
			isa = PBXGroup;
			children = (
				278D0AD11E3821B7009E5B55 /* ls */,
				278D0ACB1E3821AB009E5B55 /* min_styles.h */,
				27CF5D391E4AE6F0002898A6 /* min_cg_dmd.cpp */,
				27CF5D3A1E4AE6F0002898A6 /* min_cg_dmd.h */,
				278BBF5F1E3A9F850057610D /* min_cg.cpp */,
				278BBF601E3A9F850057610D /* min_cg.h */,
				27E8D4061E3B71510085B1E1 /* min_l-bfgs.cpp */,
				27E8D4071E3B71510085B1E1 /* min_l-bfgs.h */,
				278D0AD71E3821F3009E5B55 /* min_vec.h */,
			);
			name = min;
			sourceTree = "<group>";
		};
		278D0AD11E3821B7009E5B55 /* ls */ = {
			isa = PBXGroup;
			children = (
				278D0AD61E3821D7009E5B55 /* ls.h */,
				278BBF621E3ABF660057610D /* ls.cpp */,
			);
			name = ls;
			sourceTree = "<group>";
		};
		27DF52E51E37C97300820CE9 /* gcmc */ = {
			isa = PBXGroup;
			children = (
				27DF52F21E37D49700820CE9 /* sgcmc.cpp */,
				27DF52F31E37D49700820CE9 /* sgcmc.h */,
				27DF52EF1E37D1AD00820CE9 /* pgcmc.cpp */,
				27DF52F01E37D1AD00820CE9 /* pgcmc.h */,
				27DF52E61E37C98900820CE9 /* gcmc.cpp */,
				27DF52E71E37C98900820CE9 /* gcmc.h */,
			);
			name = gcmc;
			sourceTree = "<group>";
		};
/* End PBXGroup section */

/* Begin PBXNativeTarget section */
		273629301E31C7B4006C9299 /* MAPP */ = {
			isa = PBXNativeTarget;
			buildConfigurationList = 273629381E31C7B4006C9299 /* Build configuration list for PBXNativeTarget "MAPP" */;
			buildPhases = (
				2736292D1E31C7B4006C9299 /* Sources */,
				2736292E1E31C7B4006C9299 /* Frameworks */,
				2736292F1E31C7B4006C9299 /* CopyFiles */,
			);
			buildRules = (
			);
			dependencies = (
			);
			name = MAPP;
			productName = MAPP;
			productReference = 273629311E31C7B4006C9299 /* MAPP */;
			productType = "com.apple.product-type.tool";
		};
/* End PBXNativeTarget section */

/* Begin PBXProject section */
		273629291E31C7B4006C9299 /* Project object */ = {
			isa = PBXProject;
			attributes = {
				LastUpgradeCheck = 0820;
				ORGANIZATIONNAME = MIT;
				TargetAttributes = {
					273629301E31C7B4006C9299 = {
						CreatedOnToolsVersion = 8.1;
						ProvisioningStyle = Automatic;
					};
				};
			};
			buildConfigurationList = 2736292C1E31C7B4006C9299 /* Build configuration list for PBXProject "MAPP" */;
			compatibilityVersion = "Xcode 3.2";
			developmentRegion = English;
			hasScannedForEncodings = 0;
			knownRegions = (
				en,
			);
			mainGroup = 273629281E31C7B4006C9299;
			productRefGroup = 273629321E31C7B4006C9299 /* Products */;
			projectDirPath = "";
			projectRoot = "";
			targets = (
				273629301E31C7B4006C9299 /* MAPP */,
			);
		};
/* End PBXProject section */

/* Begin PBXSourcesBuildPhase section */
		2736292D1E31C7B4006C9299 /* Sources */ = {
			isa = PBXSourcesBuildPhase;
			buildActionMask = 2147483647;
			files = (
				273629A21E31CBAE006C9299 /* MAPP.cpp in Sources */,
				273629901E31CB86006C9299 /* var.cpp in Sources */,
				278BBF611E3A9F850057610D /* min_cg.cpp in Sources */,
				2736295E1E31CAC2006C9299 /* exchange.cpp in Sources */,
				273629741E31CB13006C9299 /* md_nvt.cpp in Sources */,
				2736296E1E31CAFA006C9299 /* ff.cpp in Sources */,
				27B494921E43705B003FBB6E /* ff_eam_dmd.cpp in Sources */,
				273629A11E31CBAE006C9299 /* main.cpp in Sources */,
				2709C22C1E3FDD9900223B72 /* ff_dmd.cpp in Sources */,
				273629551E31CAB4006C9299 /* elements.cpp in Sources */,
				27DF52F41E37D49700820CE9 /* sgcmc.cpp in Sources */,
				27DF52F11E37D1AD00820CE9 /* pgcmc.cpp in Sources */,
				2736297B1E31CB3A006C9299 /* neighbor.cpp in Sources */,
				273629881E31CB70006C9299 /* thermostat.cpp in Sources */,
				273629841E31CB61006C9299 /* read_eam.cpp in Sources */,
				2736295C1E31CAC2006C9299 /* comm.cpp in Sources */,
				273629A51E31CBAE006C9299 /* timer.cpp in Sources */,
				27DF57811E492A2F00DA17E8 /* dynamic_dmd.cpp in Sources */,
				2736296C1E31CAFA006C9299 /* ff_lj.cpp in Sources */,
				2709C22F1E3FE25400223B72 /* atoms_dmd.cpp in Sources */,
				2736297A1E31CB3A006C9299 /* neighbor_md.cpp in Sources */,
				273629831E31CB61006C9299 /* read_cfg.cpp in Sources */,
				27E8D4081E3B71510085B1E1 /* min_l-bfgs.cpp in Sources */,
				2736296D1E31CAFA006C9299 /* ff_md.cpp in Sources */,
				2736298F1E31CB86006C9299 /* logics.cpp in Sources */,
				273629851E31CB61006C9299 /* read.cpp in Sources */,
				2736296A1E31CAFA006C9299 /* ff_eam.cpp in Sources */,
				273629541E31CAB4006C9299 /* atoms.cpp in Sources */,
				278BBF631E3ABF660057610D /* ls.cpp in Sources */,
				27CF5D3B1E4AE6F0002898A6 /* min_cg_dmd.cpp in Sources */,
				27CD0C5D1E3B3EE5003D5067 /* md_muvt.cpp in Sources */,
				273629A61E31CBAE006C9299 /* xmath.cpp in Sources */,
				273629731E31CB13006C9299 /* md_nst.cpp in Sources */,
				27DF52EC1E37C98900820CE9 /* gcmc.cpp in Sources */,
				273629A31E31CBAE006C9299 /* random.cpp in Sources */,
				2736295D1E31CAC2006C9299 /* dynamic_md.cpp in Sources */,
				276B2A911E31CD6500C4DB07 /* example.cpp in Sources */,
				273629A41E31CBAE006C9299 /* thermo_dynamics.cpp in Sources */,
				2736296B1E31CAFA006C9299 /* ff_fs.cpp in Sources */,
				273629531E31CAB4006C9299 /* atoms_md.cpp in Sources */,
				2709C2321E3FE43900223B72 /* neighbor_dmd.cpp in Sources */,
			);
			runOnlyForDeploymentPostprocessing = 0;
		};
/* End PBXSourcesBuildPhase section */

/* Begin XCBuildConfiguration section */
		273629361E31C7B4006C9299 /* Debug */ = {
			isa = XCBuildConfiguration;
			buildSettings = {
				ALWAYS_SEARCH_USER_PATHS = NO;
				CLANG_ADDRESS_SANITIZER_CONTAINER_OVERFLOW = YES;
				CLANG_ANALYZER_NONNULL = YES;
				CLANG_CXX_LANGUAGE_STANDARD = "gnu++0x";
				CLANG_CXX_LIBRARY = "libc++";
				CLANG_ENABLE_MODULES = YES;
				CLANG_ENABLE_OBJC_ARC = YES;
				CLANG_WARN_BOOL_CONVERSION = YES;
				CLANG_WARN_CONSTANT_CONVERSION = YES;
				CLANG_WARN_DIRECT_OBJC_ISA_USAGE = YES_ERROR;
				CLANG_WARN_DOCUMENTATION_COMMENTS = YES;
				CLANG_WARN_EMPTY_BODY = YES;
				CLANG_WARN_ENUM_CONVERSION = YES;
				CLANG_WARN_INFINITE_RECURSION = YES;
				CLANG_WARN_INT_CONVERSION = YES;
				CLANG_WARN_OBJC_ROOT_CLASS = YES_ERROR;
				CLANG_WARN_SUSPICIOUS_MOVE = YES;
				CLANG_WARN_SUSPICIOUS_MOVES = YES;
				CLANG_WARN_UNREACHABLE_CODE = YES;
				CLANG_WARN__DUPLICATE_METHOD_MATCH = YES;
				CODE_SIGN_IDENTITY = "-";
				COPY_PHASE_STRIP = NO;
				DEBUG_INFORMATION_FORMAT = dwarf;
				ENABLE_STRICT_OBJC_MSGSEND = YES;
				ENABLE_TESTABILITY = YES;
				GCC_C_LANGUAGE_STANDARD = gnu99;
				GCC_DYNAMIC_NO_PIC = NO;
				GCC_NO_COMMON_BLOCKS = YES;
				GCC_OPTIMIZATION_LEVEL = 3;
				GCC_PREPROCESSOR_DEFINITIONS = (
					"DEBUG=1",
					"$(inherited)",
				);
				GCC_WARN_64_TO_32_BIT_CONVERSION = YES;
				GCC_WARN_ABOUT_RETURN_TYPE = YES_ERROR;
				GCC_WARN_UNDECLARED_SELECTOR = YES;
				GCC_WARN_UNINITIALIZED_AUTOS = YES_AGGRESSIVE;
				GCC_WARN_UNUSED_FUNCTION = YES;
				GCC_WARN_UNUSED_VARIABLE = YES;
				MACOSX_DEPLOYMENT_TARGET = 10.11;
				MTL_ENABLE_DEBUG_INFO = YES;
				ONLY_ACTIVE_ARCH = YES;
				OTHER_CPLUSPLUSFLAGS = "$(OTHER_CFLAGS)";
				SDKROOT = macosx;
			};
			name = Debug;
		};
		273629371E31C7B4006C9299 /* Release */ = {
			isa = XCBuildConfiguration;
			buildSettings = {
				ALWAYS_SEARCH_USER_PATHS = NO;
				CLANG_ADDRESS_SANITIZER_CONTAINER_OVERFLOW = YES;
				CLANG_ANALYZER_NONNULL = YES;
				CLANG_CXX_LANGUAGE_STANDARD = "gnu++0x";
				CLANG_CXX_LIBRARY = "libc++";
				CLANG_ENABLE_MODULES = YES;
				CLANG_ENABLE_OBJC_ARC = YES;
				CLANG_WARN_BOOL_CONVERSION = YES;
				CLANG_WARN_CONSTANT_CONVERSION = YES;
				CLANG_WARN_DIRECT_OBJC_ISA_USAGE = YES_ERROR;
				CLANG_WARN_DOCUMENTATION_COMMENTS = YES;
				CLANG_WARN_EMPTY_BODY = YES;
				CLANG_WARN_ENUM_CONVERSION = YES;
				CLANG_WARN_INFINITE_RECURSION = YES;
				CLANG_WARN_INT_CONVERSION = YES;
				CLANG_WARN_OBJC_ROOT_CLASS = YES_ERROR;
				CLANG_WARN_SUSPICIOUS_MOVE = YES;
				CLANG_WARN_SUSPICIOUS_MOVES = YES;
				CLANG_WARN_UNREACHABLE_CODE = YES;
				CLANG_WARN__DUPLICATE_METHOD_MATCH = YES;
				CODE_SIGN_IDENTITY = "-";
				COPY_PHASE_STRIP = NO;
				DEBUG_INFORMATION_FORMAT = "dwarf-with-dsym";
				ENABLE_NS_ASSERTIONS = NO;
				ENABLE_STRICT_OBJC_MSGSEND = YES;
				GCC_C_LANGUAGE_STANDARD = gnu99;
				GCC_NO_COMMON_BLOCKS = YES;
				GCC_OPTIMIZATION_LEVEL = 3;
				GCC_WARN_64_TO_32_BIT_CONVERSION = YES;
				GCC_WARN_ABOUT_RETURN_TYPE = YES_ERROR;
				GCC_WARN_UNDECLARED_SELECTOR = YES;
				GCC_WARN_UNINITIALIZED_AUTOS = YES_AGGRESSIVE;
				GCC_WARN_UNUSED_FUNCTION = YES;
				GCC_WARN_UNUSED_VARIABLE = YES;
				MACOSX_DEPLOYMENT_TARGET = 10.11;
				MTL_ENABLE_DEBUG_INFO = NO;
				OTHER_CPLUSPLUSFLAGS = "$(OTHER_CFLAGS)";
				SDKROOT = macosx;
			};
			name = Release;
		};
		273629391E31C7B4006C9299 /* Debug */ = {
			isa = XCBuildConfiguration;
			buildSettings = {
				CLANG_ADDRESS_SANITIZER_CONTAINER_OVERFLOW = YES;
				GCC_OPTIMIZATION_LEVEL = 3;
				HEADER_SEARCH_PATHS = (
					/System/Library/Frameworks/Python.framework/Versions/2.7/Extras/lib/python/numpy/core/include,
					/usr/local/include,
				);
				LIBRARY_SEARCH_PATHS = (
					"$(inherited)",
					"$(SYSTEM_LIBRARY_DIR)/Frameworks/Python.framework/Versions/2.7/Extras/lib/python/numpy/core/lib",
					/usr/local/lib,
				);
				OTHER_CPLUSPLUSFLAGS = "";
				PRODUCT_NAME = "$(TARGET_NAME)";
			};
			name = Debug;
		};
		2736293A1E31C7B4006C9299 /* Release */ = {
			isa = XCBuildConfiguration;
			buildSettings = {
				CLANG_ADDRESS_SANITIZER_CONTAINER_OVERFLOW = YES;
				GCC_OPTIMIZATION_LEVEL = 3;
				HEADER_SEARCH_PATHS = (
					/System/Library/Frameworks/Python.framework/Versions/2.7/Extras/lib/python/numpy/core/include,
					/usr/local/include,
				);
				LIBRARY_SEARCH_PATHS = (
					"$(inherited)",
					"$(SYSTEM_LIBRARY_DIR)/Frameworks/Python.framework/Versions/2.7/Extras/lib/python/numpy/core/lib",
					/usr/local/lib,
				);
				OTHER_CPLUSPLUSFLAGS = "";
				PRODUCT_NAME = "$(TARGET_NAME)";
			};
			name = Release;
		};
/* End XCBuildConfiguration section */

/* Begin XCConfigurationList section */
		2736292C1E31C7B4006C9299 /* Build configuration list for PBXProject "MAPP" */ = {
			isa = XCConfigurationList;
			buildConfigurations = (
				273629361E31C7B4006C9299 /* Debug */,
				273629371E31C7B4006C9299 /* Release */,
			);
			defaultConfigurationIsVisible = 0;
			defaultConfigurationName = Release;
		};
		273629381E31C7B4006C9299 /* Build configuration list for PBXNativeTarget "MAPP" */ = {
			isa = XCConfigurationList;
			buildConfigurations = (
				273629391E31C7B4006C9299 /* Debug */,
				2736293A1E31C7B4006C9299 /* Release */,
			);
			defaultConfigurationIsVisible = 0;
			defaultConfigurationName = Release;
		};
/* End XCConfigurationList section */
	};
	rootObject = 273629291E31C7B4006C9299 /* Project object */;
}
